
Microsoft Visual Studio Solution File, Format Version 12.00
# Visual Studio Version 17
VisualStudioVersion = 17.14.37203.1
MinimumVisualStudioVersion = 10.0.40219.1
Project("{FAE04EC0-301F-11D3-BF4B-00C04F79EFBC}") = "UserService", "UserService\UserService.csproj", "{06E72C72-D946-4660-9A4F-F342C25426D8}"
EndProject
Project("{FAE04EC0-301F-11D3-BF4B-00C04F79EFBC}") = "AuthService", "AuthService\AuthService.csproj", "{C4FAD446-6CC9-431D-9695-D1D5120083F8}"
EndProject
Project("{FAE04EC0-301F-11D3-BF4B-00C04F79EFBC}") = "APIGateway", "APIGateway\APIGateway.csproj", "{69413AA7-02BA-4372-A57E-AA89426B5AE9}"
EndProject
Global
	GlobalSection(SolutionConfigurationPlatforms) = preSolution
		Debug|Any CPU = Debug|Any CPU
		Release|Any CPU = Release|Any CPU
	EndGlobalSection
	GlobalSection(ProjectConfigurationPlatforms) = postSolution
		{06E72C72-D946-4660-9A4F-F342C25426D8}.Debug|Any CPU.ActiveCfg = Debug|Any CPU
		{06E72C72-D946-4660-9A4F-F342C25426D8}.Debug|Any CPU.Build.0 = Debug|Any CPU
		{06E72C72-D946-4660-9A4F-F342C25426D8}.Release|Any CPU.ActiveCfg = Release|Any CPU
		{06E72C72-D946-4660-9A4F-F342C25426D8}.Release|Any CPU.Build.0 = Release|Any CPU
		{C4FAD446-6CC9-431D-9695-D1D5120083F8}.Debug|Any CPU.ActiveCfg = Debug|Any CPU
		{C4FAD446-6CC9-431D-9695-D1D5120083F8}.Debug|Any CPU.Build.0 = Debug|Any CPU
		{C4FAD446-6CC9-431D-9695-D1D5120083F8}.Release|Any CPU.ActiveCfg = Release|Any CPU
		{C4FAD446-6CC9-431D-9695-D1D5120083F8}.Release|Any CPU.Build.0 = Release|Any CPU
		{69413AA7-02BA-4372-A57E-AA89426B5AE9}.Debug|Any CPU.ActiveCfg = Debug|Any CPU
		{69413AA7-02BA-4372-A57E-AA89426B5AE9}.Debug|Any CPU.Build.0 = Debug|Any CPU
		{69413AA7-02BA-4372-A57E-AA89426B5AE9}.Release|Any CPU.ActiveCfg = Release|Any CPU
		{69413AA7-02BA-4372-A57E-AA89426B5AE9}.Release|Any CPU.Build.0 = Release|Any CPU
	EndGlobalSection
	GlobalSection(SolutionProperties) = preSolution
		HideSolutionNode = FALSE
	EndGlobalSection
	GlobalSection(ExtensibilityGlobals) = postSolution
		SolutionGuid = {718CAB42-D468-48C4-B2E8-0323D33D639C}
	EndGlobalSection
EndGlobal
